
Microsoft Visual Studio Solution File, Format Version 12.00
# Visual Studio 15
VisualStudioVersion = 15.0.26124.0
MinimumVisualStudioVersion = 15.0.26124.0
Project("{FAE04EC0-301F-11D3-BF4B-00C04F79EFBC}") = "Builder", "Builder\Builder.csproj", "{5B2B1097-6740-4ECB-867D-A60E0FED6282}"
EndProject
Project("{FAE04EC0-301F-11D3-BF4B-00C04F79EFBC}") = "Prototype", "Prototype\Prototype.csproj", "{7B037627-449A-45E5-9858-18F1572C93BA}"
EndProject
Project("{FAE04EC0-301F-11D3-BF4B-00C04F79EFBC}") = "Singleton", "Singleton\Singleton.csproj", "{BEEF06C7-C8A9-4854-A589-6A00BEF9AB63}"
EndProject
Project("{FAE04EC0-301F-11D3-BF4B-00C04F79EFBC}") = "Adapter", "Adapter\Adapter.csproj", "{C5AAB688-8052-46B8-9690-8FBA25535B9C}"
EndProject
Project("{FAE04EC0-301F-11D3-BF4B-00C04F79EFBC}") = "Bridge", "Bridge\Bridge.csproj", "{0F49B86D-BA38-405C-88C5-88B1D5D3BFC4}"
EndProject
Project("{FAE04EC0-301F-11D3-BF4B-00C04F79EFBC}") = "Composite", "Composite\Composite.csproj", "{26DA17E7-B46E-405D-BC23-CFEFE0C39DEC}"
EndProject
Project("{FAE04EC0-301F-11D3-BF4B-00C04F79EFBC}") = "Decorator", "Decorator\Decorator.csproj", "{A47C7D0E-E3CB-4C77-9763-20A8F06318FD}"
EndProject
Project("{FAE04EC0-301F-11D3-BF4B-00C04F79EFBC}") = "Facade", "Facade\Facade.csproj", "{248ADE10-B330-414A-B505-44259722146E}"
EndProject
Project("{FAE04EC0-301F-11D3-BF4B-00C04F79EFBC}") = "Flyweight", "Flyweight\Flyweight.csproj", "{8AA674EB-7AD4-4647-9053-713D2ACF2DFB}"
EndProject
Project("{FAE04EC0-301F-11D3-BF4B-00C04F79EFBC}") = "Proxy", "Proxy\Proxy.csproj", "{5CF64526-B943-47A8-9A0D-34D6B437F035}"
EndProject
Project("{FAE04EC0-301F-11D3-BF4B-00C04F79EFBC}") = "AbstractFactory", "AbstractFactory\AbstractFactory.csproj", "{D6E82539-7089-4BBC-A01F-EE3052BD30A1}"
EndProject
Project("{FAE04EC0-301F-11D3-BF4B-00C04F79EFBC}") = "FactoryMethod", "FactoryMEthod\FactoryMethod.csproj", "{25021DA9-6BB9-4A44-AE56-01A27CF71F74}"
EndProject
Project("{FAE04EC0-301F-11D3-BF4B-00C04F79EFBC}") = "Chain", "Chain\Chain.csproj", "{22D691E3-9412-4696-8CE7-4465635AC5F0}"
EndProject
Project("{FAE04EC0-301F-11D3-BF4B-00C04F79EFBC}") = "Command", "Command\Command.csproj", "{2A381F3D-C23B-43FD-97FC-49A01FE3E44F}"
EndProject
Project("{FAE04EC0-301F-11D3-BF4B-00C04F79EFBC}") = "Iterator", "Iterator\Iterator.csproj", "{83E04950-A4BE-4FFE-976F-BE92F8FC8ABD}"
EndProject
Global
	GlobalSection(SolutionConfigurationPlatforms) = preSolution
		Debug|Any CPU = Debug|Any CPU
		Debug|x64 = Debug|x64
		Debug|x86 = Debug|x86
		Release|Any CPU = Release|Any CPU
		Release|x64 = Release|x64
		Release|x86 = Release|x86
	EndGlobalSection
	GlobalSection(SolutionProperties) = preSolution
		HideSolutionNode = FALSE
	EndGlobalSection
	GlobalSection(ProjectConfigurationPlatforms) = postSolution
		{5B2B1097-6740-4ECB-867D-A60E0FED6282}.Debug|Any CPU.ActiveCfg = Debug|Any CPU
		{5B2B1097-6740-4ECB-867D-A60E0FED6282}.Debug|Any CPU.Build.0 = Debug|Any CPU
		{5B2B1097-6740-4ECB-867D-A60E0FED6282}.Debug|x64.ActiveCfg = Debug|Any CPU
		{5B2B1097-6740-4ECB-867D-A60E0FED6282}.Debug|x64.Build.0 = Debug|Any CPU
		{5B2B1097-6740-4ECB-867D-A60E0FED6282}.Debug|x86.ActiveCfg = Debug|Any CPU
		{5B2B1097-6740-4ECB-867D-A60E0FED6282}.Debug|x86.Build.0 = Debug|Any CPU
		{5B2B1097-6740-4ECB-867D-A60E0FED6282}.Release|Any CPU.ActiveCfg = Release|Any CPU
		{5B2B1097-6740-4ECB-867D-A60E0FED6282}.Release|Any CPU.Build.0 = Release|Any CPU
		{5B2B1097-6740-4ECB-867D-A60E0FED6282}.Release|x64.ActiveCfg = Release|Any CPU
		{5B2B1097-6740-4ECB-867D-A60E0FED6282}.Release|x64.Build.0 = Release|Any CPU
		{5B2B1097-6740-4ECB-867D-A60E0FED6282}.Release|x86.ActiveCfg = Release|Any CPU
		{5B2B1097-6740-4ECB-867D-A60E0FED6282}.Release|x86.Build.0 = Release|Any CPU
		{7B037627-449A-45E5-9858-18F1572C93BA}.Debug|Any CPU.ActiveCfg = Debug|Any CPU
		{7B037627-449A-45E5-9858-18F1572C93BA}.Debug|Any CPU.Build.0 = Debug|Any CPU
		{7B037627-449A-45E5-9858-18F1572C93BA}.Debug|x64.ActiveCfg = Debug|Any CPU
		{7B037627-449A-45E5-9858-18F1572C93BA}.Debug|x64.Build.0 = Debug|Any CPU
		{7B037627-449A-45E5-9858-18F1572C93BA}.Debug|x86.ActiveCfg = Debug|Any CPU
		{7B037627-449A-45E5-9858-18F1572C93BA}.Debug|x86.Build.0 = Debug|Any CPU
		{7B037627-449A-45E5-9858-18F1572C93BA}.Release|Any CPU.ActiveCfg = Release|Any CPU
		{7B037627-449A-45E5-9858-18F1572C93BA}.Release|Any CPU.Build.0 = Release|Any CPU
		{7B037627-449A-45E5-9858-18F1572C93BA}.Release|x64.ActiveCfg = Release|Any CPU
		{7B037627-449A-45E5-9858-18F1572C93BA}.Release|x64.Build.0 = Release|Any CPU
		{7B037627-449A-45E5-9858-18F1572C93BA}.Release|x86.ActiveCfg = Release|Any CPU
		{7B037627-449A-45E5-9858-18F1572C93BA}.Release|x86.Build.0 = Release|Any CPU
		{BEEF06C7-C8A9-4854-A589-6A00BEF9AB63}.Debug|Any CPU.ActiveCfg = Debug|Any CPU
		{BEEF06C7-C8A9-4854-A589-6A00BEF9AB63}.Debug|Any CPU.Build.0 = Debug|Any CPU
		{BEEF06C7-C8A9-4854-A589-6A00BEF9AB63}.Debug|x64.ActiveCfg = Debug|Any CPU
		{BEEF06C7-C8A9-4854-A589-6A00BEF9AB63}.Debug|x64.Build.0 = Debug|Any CPU
		{BEEF06C7-C8A9-4854-A589-6A00BEF9AB63}.Debug|x86.ActiveCfg = Debug|Any CPU
		{BEEF06C7-C8A9-4854-A589-6A00BEF9AB63}.Debug|x86.Build.0 = Debug|Any CPU
		{BEEF06C7-C8A9-4854-A589-6A00BEF9AB63}.Release|Any CPU.ActiveCfg = Release|Any CPU
		{BEEF06C7-C8A9-4854-A589-6A00BEF9AB63}.Release|Any CPU.Build.0 = Release|Any CPU
		{BEEF06C7-C8A9-4854-A589-6A00BEF9AB63}.Release|x64.ActiveCfg = Release|Any CPU
		{BEEF06C7-C8A9-4854-A589-6A00BEF9AB63}.Release|x64.Build.0 = Release|Any CPU
		{BEEF06C7-C8A9-4854-A589-6A00BEF9AB63}.Release|x86.ActiveCfg = Release|Any CPU
		{BEEF06C7-C8A9-4854-A589-6A00BEF9AB63}.Release|x86.Build.0 = Release|Any CPU
		{C5AAB688-8052-46B8-9690-8FBA25535B9C}.Debug|Any CPU.ActiveCfg = Debug|Any CPU
		{C5AAB688-8052-46B8-9690-8FBA25535B9C}.Debug|Any CPU.Build.0 = Debug|Any CPU
		{C5AAB688-8052-46B8-9690-8FBA25535B9C}.Debug|x64.ActiveCfg = Debug|Any CPU
		{C5AAB688-8052-46B8-9690-8FBA25535B9C}.Debug|x64.Build.0 = Debug|Any CPU
		{C5AAB688-8052-46B8-9690-8FBA25535B9C}.Debug|x86.ActiveCfg = Debug|Any CPU
		{C5AAB688-8052-46B8-9690-8FBA25535B9C}.Debug|x86.Build.0 = Debug|Any CPU
		{C5AAB688-8052-46B8-9690-8FBA25535B9C}.Release|Any CPU.ActiveCfg = Release|Any CPU
		{C5AAB688-8052-46B8-9690-8FBA25535B9C}.Release|Any CPU.Build.0 = Release|Any CPU
		{C5AAB688-8052-46B8-9690-8FBA25535B9C}.Release|x64.ActiveCfg = Release|Any CPU
		{C5AAB688-8052-46B8-9690-8FBA25535B9C}.Release|x64.Build.0 = Release|Any CPU
		{C5AAB688-8052-46B8-9690-8FBA25535B9C}.Release|x86.ActiveCfg = Release|Any CPU
		{C5AAB688-8052-46B8-9690-8FBA25535B9C}.Release|x86.Build.0 = Release|Any CPU
		{0F49B86D-BA38-405C-88C5-88B1D5D3BFC4}.Debug|Any CPU.ActiveCfg = Debug|Any CPU
		{0F49B86D-BA38-405C-88C5-88B1D5D3BFC4}.Debug|Any CPU.Build.0 = Debug|Any CPU
		{0F49B86D-BA38-405C-88C5-88B1D5D3BFC4}.Debug|x64.ActiveCfg = Debug|Any CPU
		{0F49B86D-BA38-405C-88C5-88B1D5D3BFC4}.Debug|x64.Build.0 = Debug|Any CPU
		{0F49B86D-BA38-405C-88C5-88B1D5D3BFC4}.Debug|x86.ActiveCfg = Debug|Any CPU
		{0F49B86D-BA38-405C-88C5-88B1D5D3BFC4}.Debug|x86.Build.0 = Debug|Any CPU
		{0F49B86D-BA38-405C-88C5-88B1D5D3BFC4}.Release|Any CPU.ActiveCfg = Release|Any CPU
		{0F49B86D-BA38-405C-88C5-88B1D5D3BFC4}.Release|Any CPU.Build.0 = Release|Any CPU
		{0F49B86D-BA38-405C-88C5-88B1D5D3BFC4}.Release|x64.ActiveCfg = Release|Any CPU
		{0F49B86D-BA38-405C-88C5-88B1D5D3BFC4}.Release|x64.Build.0 = Release|Any CPU
		{0F49B86D-BA38-405C-88C5-88B1D5D3BFC4}.Release|x86.ActiveCfg = Release|Any CPU
		{0F49B86D-BA38-405C-88C5-88B1D5D3BFC4}.Release|x86.Build.0 = Release|Any CPU
		{26DA17E7-B46E-405D-BC23-CFEFE0C39DEC}.Debug|Any CPU.ActiveCfg = Debug|Any CPU
		{26DA17E7-B46E-405D-BC23-CFEFE0C39DEC}.Debug|Any CPU.Build.0 = Debug|Any CPU
		{26DA17E7-B46E-405D-BC23-CFEFE0C39DEC}.Debug|x64.ActiveCfg = Debug|Any CPU
		{26DA17E7-B46E-405D-BC23-CFEFE0C39DEC}.Debug|x64.Build.0 = Debug|Any CPU
		{26DA17E7-B46E-405D-BC23-CFEFE0C39DEC}.Debug|x86.ActiveCfg = Debug|Any CPU
		{26DA17E7-B46E-405D-BC23-CFEFE0C39DEC}.Debug|x86.Build.0 = Debug|Any CPU
		{26DA17E7-B46E-405D-BC23-CFEFE0C39DEC}.Release|Any CPU.ActiveCfg = Release|Any CPU
		{26DA17E7-B46E-405D-BC23-CFEFE0C39DEC}.Release|Any CPU.Build.0 = Release|Any CPU
		{26DA17E7-B46E-405D-BC23-CFEFE0C39DEC}.Release|x64.ActiveCfg = Release|Any CPU
		{26DA17E7-B46E-405D-BC23-CFEFE0C39DEC}.Release|x64.Build.0 = Release|Any CPU
		{26DA17E7-B46E-405D-BC23-CFEFE0C39DEC}.Release|x86.ActiveCfg = Release|Any CPU
		{26DA17E7-B46E-405D-BC23-CFEFE0C39DEC}.Release|x86.Build.0 = Release|Any CPU
		{A47C7D0E-E3CB-4C77-9763-20A8F06318FD}.Debug|Any CPU.ActiveCfg = Debug|Any CPU
		{A47C7D0E-E3CB-4C77-9763-20A8F06318FD}.Debug|Any CPU.Build.0 = Debug|Any CPU
		{A47C7D0E-E3CB-4C77-9763-20A8F06318FD}.Debug|x64.ActiveCfg = Debug|Any CPU
		{A47C7D0E-E3CB-4C77-9763-20A8F06318FD}.Debug|x64.Build.0 = Debug|Any CPU
		{A47C7D0E-E3CB-4C77-9763-20A8F06318FD}.Debug|x86.ActiveCfg = Debug|Any CPU
		{A47C7D0E-E3CB-4C77-9763-20A8F06318FD}.Debug|x86.Build.0 = Debug|Any CPU
		{A47C7D0E-E3CB-4C77-9763-20A8F06318FD}.Release|Any CPU.ActiveCfg = Release|Any CPU
		{A47C7D0E-E3CB-4C77-9763-20A8F06318FD}.Release|Any CPU.Build.0 = Release|Any CPU
		{A47C7D0E-E3CB-4C77-9763-20A8F06318FD}.Release|x64.ActiveCfg = Release|Any CPU
		{A47C7D0E-E3CB-4C77-9763-20A8F06318FD}.Release|x64.Build.0 = Release|Any CPU
		{A47C7D0E-E3CB-4C77-9763-20A8F06318FD}.Release|x86.ActiveCfg = Release|Any CPU
		{A47C7D0E-E3CB-4C77-9763-20A8F06318FD}.Release|x86.Build.0 = Release|Any CPU
		{248ADE10-B330-414A-B505-44259722146E}.Debug|Any CPU.ActiveCfg = Debug|Any CPU
		{248ADE10-B330-414A-B505-44259722146E}.Debug|Any CPU.Build.0 = Debug|Any CPU
		{248ADE10-B330-414A-B505-44259722146E}.Debug|x64.ActiveCfg = Debug|Any CPU
		{248ADE10-B330-414A-B505-44259722146E}.Debug|x64.Build.0 = Debug|Any CPU
		{248ADE10-B330-414A-B505-44259722146E}.Debug|x86.ActiveCfg = Debug|Any CPU
		{248ADE10-B330-414A-B505-44259722146E}.Debug|x86.Build.0 = Debug|Any CPU
		{248ADE10-B330-414A-B505-44259722146E}.Release|Any CPU.ActiveCfg = Release|Any CPU
		{248ADE10-B330-414A-B505-44259722146E}.Release|Any CPU.Build.0 = Release|Any CPU
		{248ADE10-B330-414A-B505-44259722146E}.Release|x64.ActiveCfg = Release|Any CPU
		{248ADE10-B330-414A-B505-44259722146E}.Release|x64.Build.0 = Release|Any CPU
		{248ADE10-B330-414A-B505-44259722146E}.Release|x86.ActiveCfg = Release|Any CPU
		{248ADE10-B330-414A-B505-44259722146E}.Release|x86.Build.0 = Release|Any CPU
		{8AA674EB-7AD4-4647-9053-713D2ACF2DFB}.Debug|Any CPU.ActiveCfg = Debug|Any CPU
		{8AA674EB-7AD4-4647-9053-713D2ACF2DFB}.Debug|Any CPU.Build.0 = Debug|Any CPU
		{8AA674EB-7AD4-4647-9053-713D2ACF2DFB}.Debug|x64.ActiveCfg = Debug|Any CPU
		{8AA674EB-7AD4-4647-9053-713D2ACF2DFB}.Debug|x64.Build.0 = Debug|Any CPU
		{8AA674EB-7AD4-4647-9053-713D2ACF2DFB}.Debug|x86.ActiveCfg = Debug|Any CPU
		{8AA674EB-7AD4-4647-9053-713D2ACF2DFB}.Debug|x86.Build.0 = Debug|Any CPU
		{8AA674EB-7AD4-4647-9053-713D2ACF2DFB}.Release|Any CPU.ActiveCfg = Release|Any CPU
		{8AA674EB-7AD4-4647-9053-713D2ACF2DFB}.Release|Any CPU.Build.0 = Release|Any CPU
		{8AA674EB-7AD4-4647-9053-713D2ACF2DFB}.Release|x64.ActiveCfg = Release|Any CPU
		{8AA674EB-7AD4-4647-9053-713D2ACF2DFB}.Release|x64.Build.0 = Release|Any CPU
		{8AA674EB-7AD4-4647-9053-713D2ACF2DFB}.Release|x86.ActiveCfg = Release|Any CPU
		{8AA674EB-7AD4-4647-9053-713D2ACF2DFB}.Release|x86.Build.0 = Release|Any CPU
		{5CF64526-B943-47A8-9A0D-34D6B437F035}.Debug|Any CPU.ActiveCfg = Debug|Any CPU
		{5CF64526-B943-47A8-9A0D-34D6B437F035}.Debug|Any CPU.Build.0 = Debug|Any CPU
		{5CF64526-B943-47A8-9A0D-34D6B437F035}.Debug|x64.ActiveCfg = Debug|Any CPU
		{5CF64526-B943-47A8-9A0D-34D6B437F035}.Debug|x64.Build.0 = Debug|Any CPU
		{5CF64526-B943-47A8-9A0D-34D6B437F035}.Debug|x86.ActiveCfg = Debug|Any CPU
		{5CF64526-B943-47A8-9A0D-34D6B437F035}.Debug|x86.Build.0 = Debug|Any CPU
		{5CF64526-B943-47A8-9A0D-34D6B437F035}.Release|Any CPU.ActiveCfg = Release|Any CPU
		{5CF64526-B943-47A8-9A0D-34D6B437F035}.Release|Any CPU.Build.0 = Release|Any CPU
		{5CF64526-B943-47A8-9A0D-34D6B437F035}.Release|x64.ActiveCfg = Release|Any CPU
		{5CF64526-B943-47A8-9A0D-34D6B437F035}.Release|x64.Build.0 = Release|Any CPU
		{5CF64526-B943-47A8-9A0D-34D6B437F035}.Release|x86.ActiveCfg = Release|Any CPU
		{5CF64526-B943-47A8-9A0D-34D6B437F035}.Release|x86.Build.0 = Release|Any CPU
		{D6E82539-7089-4BBC-A01F-EE3052BD30A1}.Debug|Any CPU.ActiveCfg = Debug|Any CPU
		{D6E82539-7089-4BBC-A01F-EE3052BD30A1}.Debug|Any CPU.Build.0 = Debug|Any CPU
		{D6E82539-7089-4BBC-A01F-EE3052BD30A1}.Debug|x64.ActiveCfg = Debug|Any CPU
		{D6E82539-7089-4BBC-A01F-EE3052BD30A1}.Debug|x64.Build.0 = Debug|Any CPU
		{D6E82539-7089-4BBC-A01F-EE3052BD30A1}.Debug|x86.ActiveCfg = Debug|Any CPU
		{D6E82539-7089-4BBC-A01F-EE3052BD30A1}.Debug|x86.Build.0 = Debug|Any CPU
		{D6E82539-7089-4BBC-A01F-EE3052BD30A1}.Release|Any CPU.ActiveCfg = Release|Any CPU
		{D6E82539-7089-4BBC-A01F-EE3052BD30A1}.Release|Any CPU.Build.0 = Release|Any CPU
		{D6E82539-7089-4BBC-A01F-EE3052BD30A1}.Release|x64.ActiveCfg = Release|Any CPU
		{D6E82539-7089-4BBC-A01F-EE3052BD30A1}.Release|x64.Build.0 = Release|Any CPU
		{D6E82539-7089-4BBC-A01F-EE3052BD30A1}.Release|x86.ActiveCfg = Release|Any CPU
		{D6E82539-7089-4BBC-A01F-EE3052BD30A1}.Release|x86.Build.0 = Release|Any CPU
		{25021DA9-6BB9-4A44-AE56-01A27CF71F74}.Debug|Any CPU.ActiveCfg = Debug|Any CPU
		{25021DA9-6BB9-4A44-AE56-01A27CF71F74}.Debug|Any CPU.Build.0 = Debug|Any CPU
		{25021DA9-6BB9-4A44-AE56-01A27CF71F74}.Debug|x64.ActiveCfg = Debug|Any CPU
		{25021DA9-6BB9-4A44-AE56-01A27CF71F74}.Debug|x64.Build.0 = Debug|Any CPU
		{25021DA9-6BB9-4A44-AE56-01A27CF71F74}.Debug|x86.ActiveCfg = Debug|Any CPU
		{25021DA9-6BB9-4A44-AE56-01A27CF71F74}.Debug|x86.Build.0 = Debug|Any CPU
		{25021DA9-6BB9-4A44-AE56-01A27CF71F74}.Release|Any CPU.ActiveCfg = Release|Any CPU
		{25021DA9-6BB9-4A44-AE56-01A27CF71F74}.Release|Any CPU.Build.0 = Release|Any CPU
		{25021DA9-6BB9-4A44-AE56-01A27CF71F74}.Release|x64.ActiveCfg = Release|Any CPU
		{25021DA9-6BB9-4A44-AE56-01A27CF71F74}.Release|x64.Build.0 = Release|Any CPU
		{25021DA9-6BB9-4A44-AE56-01A27CF71F74}.Release|x86.ActiveCfg = Release|Any CPU
		{25021DA9-6BB9-4A44-AE56-01A27CF71F74}.Release|x86.Build.0 = Release|Any CPU
		{22D691E3-9412-4696-8CE7-4465635AC5F0}.Debug|Any CPU.ActiveCfg = Debug|Any CPU
		{22D691E3-9412-4696-8CE7-4465635AC5F0}.Debug|Any CPU.Build.0 = Debug|Any CPU
		{22D691E3-9412-4696-8CE7-4465635AC5F0}.Debug|x64.ActiveCfg = Debug|Any CPU
		{22D691E3-9412-4696-8CE7-4465635AC5F0}.Debug|x64.Build.0 = Debug|Any CPU
		{22D691E3-9412-4696-8CE7-4465635AC5F0}.Debug|x86.ActiveCfg = Debug|Any CPU
		{22D691E3-9412-4696-8CE7-4465635AC5F0}.Debug|x86.Build.0 = Debug|Any CPU
		{22D691E3-9412-4696-8CE7-4465635AC5F0}.Release|Any CPU.ActiveCfg = Release|Any CPU
		{22D691E3-9412-4696-8CE7-4465635AC5F0}.Release|Any CPU.Build.0 = Release|Any CPU
		{22D691E3-9412-4696-8CE7-4465635AC5F0}.Release|x64.ActiveCfg = Release|Any CPU
		{22D691E3-9412-4696-8CE7-4465635AC5F0}.Release|x64.Build.0 = Release|Any CPU
		{22D691E3-9412-4696-8CE7-4465635AC5F0}.Release|x86.ActiveCfg = Release|Any CPU
		{22D691E3-9412-4696-8CE7-4465635AC5F0}.Release|x86.Build.0 = Release|Any CPU
		{2A381F3D-C23B-43FD-97FC-49A01FE3E44F}.Debug|Any CPU.ActiveCfg = Debug|Any CPU
		{2A381F3D-C23B-43FD-97FC-49A01FE3E44F}.Debug|Any CPU.Build.0 = Debug|Any CPU
		{2A381F3D-C23B-43FD-97FC-49A01FE3E44F}.Debug|x64.ActiveCfg = Debug|Any CPU
		{2A381F3D-C23B-43FD-97FC-49A01FE3E44F}.Debug|x64.Build.0 = Debug|Any CPU
		{2A381F3D-C23B-43FD-97FC-49A01FE3E44F}.Debug|x86.ActiveCfg = Debug|Any CPU
		{2A381F3D-C23B-43FD-97FC-49A01FE3E44F}.Debug|x86.Build.0 = Debug|Any CPU
		{2A381F3D-C23B-43FD-97FC-49A01FE3E44F}.Release|Any CPU.ActiveCfg = Release|Any CPU
		{2A381F3D-C23B-43FD-97FC-49A01FE3E44F}.Release|Any CPU.Build.0 = Release|Any CPU
		{2A381F3D-C23B-43FD-97FC-49A01FE3E44F}.Release|x64.ActiveCfg = Release|Any CPU
		{2A381F3D-C23B-43FD-97FC-49A01FE3E44F}.Release|x64.Build.0 = Release|Any CPU
		{2A381F3D-C23B-43FD-97FC-49A01FE3E44F}.Release|x86.ActiveCfg = Release|Any CPU
		{2A381F3D-C23B-43FD-97FC-49A01FE3E44F}.Release|x86.Build.0 = Release|Any CPU
		{83E04950-A4BE-4FFE-976F-BE92F8FC8ABD}.Debug|Any CPU.ActiveCfg = Debug|Any CPU
		{83E04950-A4BE-4FFE-976F-BE92F8FC8ABD}.Debug|Any CPU.Build.0 = Debug|Any CPU
		{83E04950-A4BE-4FFE-976F-BE92F8FC8ABD}.Debug|x64.ActiveCfg = Debug|Any CPU
		{83E04950-A4BE-4FFE-976F-BE92F8FC8ABD}.Debug|x64.Build.0 = Debug|Any CPU
		{83E04950-A4BE-4FFE-976F-BE92F8FC8ABD}.Debug|x86.ActiveCfg = Debug|Any CPU
		{83E04950-A4BE-4FFE-976F-BE92F8FC8ABD}.Debug|x86.Build.0 = Debug|Any CPU
		{83E04950-A4BE-4FFE-976F-BE92F8FC8ABD}.Release|Any CPU.ActiveCfg = Release|Any CPU
		{83E04950-A4BE-4FFE-976F-BE92F8FC8ABD}.Release|Any CPU.Build.0 = Release|Any CPU
		{83E04950-A4BE-4FFE-976F-BE92F8FC8ABD}.Release|x64.ActiveCfg = Release|Any CPU
		{83E04950-A4BE-4FFE-976F-BE92F8FC8ABD}.Release|x64.Build.0 = Release|Any CPU
		{83E04950-A4BE-4FFE-976F-BE92F8FC8ABD}.Release|x86.ActiveCfg = Release|Any CPU
		{83E04950-A4BE-4FFE-976F-BE92F8FC8ABD}.Release|x86.Build.0 = Release|Any CPU
	EndGlobalSection
EndGlobal
